
Microsoft Visual Studio Solution File, Format Version 12.00
# Visual Studio Version 17
VisualStudioVersion = 17.0.31903.59
MinimumVisualStudioVersion = 10.0.40219.1
Project("{2150E333-8FDC-42A3-9474-1A3956D46DE8}") = "Solution Items", "Solution Items", "{D83006B2-5B87-49E5-8F79-F70292E39BDA}"
	ProjectSection(SolutionItems) = preProject
		README.md = README.md
		version.json = version.json
	EndProjectSection
EndProject
Project("{9A19103F-16F7-4668-BE54-9A1E7A4F7556}") = "CommonTK.Console", "CommonTK.Console\CommonTK.Console.csproj", "{B66C6852-8F02-48CD-AA76-4682255D4D11}"
EndProject
Project("{9A19103F-16F7-4668-BE54-9A1E7A4F7556}") = "SampleConsoleForm", "CommonTK.Console.FormTemplates\templates\SampleConsoleFormProject\SampleConsoleForm.csproj", "{6DE29EBD-9FB3-4917-B67D-398434A3D5E8}"
EndProject
Global
	GlobalSection(SolutionConfigurationPlatforms) = preSolution
		Debug|Any CPU = Debug|Any CPU
		Release|Any CPU = Release|Any CPU
	EndGlobalSection
	GlobalSection(ProjectConfigurationPlatforms) = postSolution
		{B66C6852-8F02-48CD-AA76-4682255D4D11}.Debug|Any CPU.ActiveCfg = Debug|Any CPU
		{B66C6852-8F02-48CD-AA76-4682255D4D11}.Debug|Any CPU.Build.0 = Debug|Any CPU
		{B66C6852-8F02-48CD-AA76-4682255D4D11}.Release|Any CPU.ActiveCfg = Release|Any CPU
		{B66C6852-8F02-48CD-AA76-4682255D4D11}.Release|Any CPU.Build.0 = Release|Any CPU
		{6DE29EBD-9FB3-4917-B67D-398434A3D5E8}.Debug|Any CPU.ActiveCfg = Debug|Any CPU
		{6DE29EBD-9FB3-4917-B67D-398434A3D5E8}.Debug|Any CPU.Build.0 = Debug|Any CPU
		{6DE29EBD-9FB3-4917-B67D-398434A3D5E8}.Release|Any CPU.ActiveCfg = Release|Any CPU
		{6DE29EBD-9FB3-4917-B67D-398434A3D5E8}.Release|Any CPU.Build.0 = Release|Any CPU
	EndGlobalSection
	GlobalSection(SolutionProperties) = preSolution
		HideSolutionNode = FALSE
	EndGlobalSection
	GlobalSection(ExtensibilityGlobals) = postSolution
		SolutionGuid = {6BF448C2-391B-4253-8ADE-D704EE33EBE4}
	EndGlobalSection
EndGlobal
